# This file was autogenerated by Stack.
# You should not edit this file by hand.
# For more information, please see the documentation at:
#   https://docs.haskellstack.org/en/stable/lock_files

packages:
- completed:
    commit: 77c94c578a7a126ff20b140a7bd5d0b9a2a498ed
    git: https://github.com/j1r1k/libsystemd-journal-upload.git
    name: libsystemd-journal-upload
    pantry-tree:
      sha256: 789c9caf28839f1ace269554a9351928c70ad9c7fa5bc58e2faaf93e7c966cdd
      size: 738
    version: 0.1.0.0
  original:
    commit: 77c94c578a7a126ff20b140a7bd5d0b9a2a498ed
    git: https://github.com/j1r1k/libsystemd-journal-upload.git
- completed:
    commit: e2ba7a7670253e918ba9b32e61f29d7d7b9c0999
    git: https://github.com/j1r1k/libsystemd-journal.git
    name: libsystemd-journal
    pantry-tree:
      sha256: d0cc190197780a6daf3ff45c2c55b3779672f39bdfe7f3af929ad90ce881305c
      size: 476
    version: 1.4.5
  original:
    commit: e2ba7a7670253e918ba9b32e61f29d7d7b9c0999
    git: https://github.com/j1r1k/libsystemd-journal.git
- completed:
    hackage: simple-logger-0.1.1@sha256:a21912c52a702b4e3f2376f61e5bde61cb4504debe5269dd9f9dc762097ffdbd,1098
    pantry-tree:
      sha256: 2c5f5491d5269854fdaeeb8c139abd318507ab9b0ba95730781b880adb6864c9
      size: 376
  original:
    hackage: simple-logger-0.1.1@sha256:a21912c52a702b4e3f2376f61e5bde61cb4504debe5269dd9f9dc762097ffdbd,1098
snapshots:
- completed:
    sha256: f74c482d7c93739ecf3abfbc0f2dea1c20a2dfb2462c689846ed55a9653b66f7
    size: 587113
    url: https://raw.githubusercontent.com/commercialhaskell/stackage-snapshots/master/lts/18/6.yaml
  original:
    url: https://raw.githubusercontent.com/commercialhaskell/stackage-snapshots/master/lts/18/6.yaml
