# This file was autogenerated by Stack.
# You should not edit this file by hand.
# For more information, please see the documentation at:
#   https://docs.haskellstack.org/en/stable/lock_files

packages:
- completed:
    name: libsystemd-journal-upload
    version: 0.1.0.0
    git: https://github.com/j1r1k/libsystemd-journal-upload.git
    pantry-tree:
      size: 666
      sha256: d5c5a0736afe333e4d660bf6b72f9dd4560bd751aba24dd4b1663ea22f8607d7
    commit: 15302dd3c5485999ef7736c5fed6649d35e421d2
  original:
    git: https://github.com/j1r1k/libsystemd-journal-upload.git
    commit: 15302dd3c5485999ef7736c5fed6649d35e421d2
- completed:
    name: libsystemd-journal
    version: 1.4.5
    git: https://github.com/j1r1k/libsystemd-journal.git
    pantry-tree:
      size: 476
      sha256: d0cc190197780a6daf3ff45c2c55b3779672f39bdfe7f3af929ad90ce881305c
    commit: e2ba7a7670253e918ba9b32e61f29d7d7b9c0999
  original:
    git: https://github.com/j1r1k/libsystemd-journal.git
    commit: e2ba7a7670253e918ba9b32e61f29d7d7b9c0999
- completed:
    hackage: simple-logger-0.1.1@sha256:a21912c52a702b4e3f2376f61e5bde61cb4504debe5269dd9f9dc762097ffdbd,1098
    pantry-tree:
      size: 376
      sha256: 2c5f5491d5269854fdaeeb8c139abd318507ab9b0ba95730781b880adb6864c9
  original:
    hackage: simple-logger-0.1.1@sha256:a21912c52a702b4e3f2376f61e5bde61cb4504debe5269dd9f9dc762097ffdbd,1098
snapshots:
- completed:
    size: 587113
    url: https://raw.githubusercontent.com/commercialhaskell/stackage-snapshots/master/lts/18/6.yaml
    sha256: f74c482d7c93739ecf3abfbc0f2dea1c20a2dfb2462c689846ed55a9653b66f7
  original:
    url: https://raw.githubusercontent.com/commercialhaskell/stackage-snapshots/master/lts/18/6.yaml
